
Microsoft Visual Studio Solution File, Format Version 12.00
# Visual Studio 14
VisualStudioVersion = 14.0.25420.1
MinimumVisualStudioVersion = 10.0.40219.1
Project("{FAE04EC0-301F-11D3-BF4B-00C04F79EFBC}") = "FakeNewsProfiler", "FakeNewsProfiler\FakeNewsProfiler.csproj", "{05E81A86-880B-48C2-9374-0EB729A126EB}"
EndProject
Project("{FAE04EC0-301F-11D3-BF4B-00C04F79EFBC}") = "NewsRenderService", "NewsRenderService\NewsRenderService.csproj", "{DC62D4B2-E582-4198-B14F-016FEA264A27}"
EndProject
Global
	GlobalSection(SolutionConfigurationPlatforms) = preSolution
		Debug|Any CPU = Debug|Any CPU
		Release|Any CPU = Release|Any CPU
	EndGlobalSection
	GlobalSection(ProjectConfigurationPlatforms) = postSolution
		{05E81A86-880B-48C2-9374-0EB729A126EB}.Debug|Any CPU.ActiveCfg = Debug|Any CPU
		{05E81A86-880B-48C2-9374-0EB729A126EB}.Debug|Any CPU.Build.0 = Debug|Any CPU
		{05E81A86-880B-48C2-9374-0EB729A126EB}.Release|Any CPU.ActiveCfg = Release|Any CPU
		{05E81A86-880B-48C2-9374-0EB729A126EB}.Release|Any CPU.Build.0 = Release|Any CPU
		{DC62D4B2-E582-4198-B14F-016FEA264A27}.Debug|Any CPU.ActiveCfg = Debug|Any CPU
		{DC62D4B2-E582-4198-B14F-016FEA264A27}.Debug|Any CPU.Build.0 = Debug|Any CPU
		{DC62D4B2-E582-4198-B14F-016FEA264A27}.Release|Any CPU.ActiveCfg = Release|Any CPU
		{DC62D4B2-E582-4198-B14F-016FEA264A27}.Release|Any CPU.Build.0 = Release|Any CPU
	EndGlobalSection
	GlobalSection(SolutionProperties) = preSolution
		HideSolutionNode = FALSE
	EndGlobalSection
EndGlobal
